{
    "name": "haerins-web",
    "version": "0.0.0",
    "lockfileVersion": 3,
    "requires": true,
    "packages": {
        "": {
            "name": "haerins-web",
            "version": "0.0.0",
            "license": "MIT",
            "dependencies": {
                "servor": "^4.0.2"
            },
            "devDependencies": {
                "prettier": "^3.6.2"
            }
        },
        "node_modules/prettier": {
            "version": "3.6.2",
            "resolved": "https://registry.npmjs.org/prettier/-/prettier-3.6.2.tgz",
            "integrity": "sha512-I7AIg5boAr5R0FFtJ6rCfD+LFsWHp81dolrFD8S79U9tb8Az2nGrJncnMSnys+bpQJfRUzqs9hnA81OAA3hCuQ==",
            "dev": true,
            "license": "MIT",
            "bin": {
                "prettier": "bin/prettier.cjs"
            },
            "engines": {
                "node": ">=14"
            },
            "funding": {
                "url": "https://github.com/prettier/prettier?sponsor=1"
            }
        },
        "node_modules/servor": {
            "version": "4.0.2",
            "resolved": "https://registry.npmjs.org/servor/-/servor-4.0.2.tgz",
            "integrity": "sha512-MlmQ5Ntv4jDYUN060x/KEmN7emvIqKMZ9OkM+nY8Bf2+KkyLmGsTqWLyAN2cZr5oESAcH00UanUyyrlS1LRjFw==",
            "license": "MIT",
            "bin": {
                "servor": "cli.js"
            }
        }
    }
}
